{
  "object": {
    "pins": [
      {
        "package": "Swexy",
        "repositoryURL": "https://github.com/EricRabil/Swexy",
        "state": {
          "branch": null,
          "revision": "0db5aff4a640e8fd89598aed0a184a7a22cc7990",
          "version": "1.0.0"
        }
      }
    ]
  },
  "version": 1
}
