{
  "object": {
    "pins": [
      {
        "package": "Swexy",
        "repositoryURL": "https://github.com/EricRabil/Swexy",
        "state": {
          "branch": "main",
          "revision": "cbaa9e77706140a641f6ad88fd8a0a6d204f13a4",
          "version": null
        }
      }
    ]
  },
  "version": 1
}
