{
  "object": {
    "pins": [
      {
        "package": "Swexy",
        "repositoryURL": "https://github.com/EricRabil/Swexy",
        "state": {
          "branch": "main",
          "revision": "4dfc6d674ef41a9e7b8d6deff55f56082a3040e8",
          "version": null
        }
      }
    ]
  },
  "version": 1
}
